// !$*UTF8*$!
{
	archiveVersion = 1;
	classes = {
	};
	objectVersion = 46;
	objects = {

/* Begin PBXFileReference section */
		EC5BC8891AD0F915005D0BDB /* Quickstart - Blog.md */ = {isa = PBXFileReference; lastKnownFileType = net.daringfireball.markdown; path = "Quickstart - Blog.md"; sourceTree = "<group>"; };
		EC5BC88A1AD0F926005D0BDB /* More Scenarios.md */ = {isa = PBXFileReference; lastKnownFileType = net.daringfireball.markdown; path = "More Scenarios.md"; sourceTree = "<group>"; };
		EC5BC88B1AD0FDC4005D0BDB /* Model Object.md */ = {isa = PBXFileReference; lastKnownFileType = net.daringfireball.markdown; path = "Model Object.md"; sourceTree = "<group>"; };
		EC5BC88C1AD0FDDB005D0BDB /* Model API.md */ = {isa = PBXFileReference; lastKnownFileType = net.daringfireball.markdown; path = "Model API.md"; sourceTree = "<group>"; };
		EC5BC88D1AD0FE1D005D0BDB /* Data IO.md */ = {isa = PBXFileReference; lastKnownFileType = net.daringfireball.markdown; path = "Data IO.md"; sourceTree = "<group>"; };
		EC5BC88E1AD0FFCD005D0BDB /* SQL Interface.md */ = {isa = PBXFileReference; lastKnownFileType = net.daringfireball.markdown; path = "SQL Interface.md"; sourceTree = "<group>"; };
		EC70054B1AC0E8C800FA5AC0 /* README.md */ = {isa = PBXFileReference; lastKnownFileType = net.daringfireball.markdown; path = README.md; sourceTree = "<group>"; };
		EC70054D1AC1451C00FA5AC0 /* AUTHORS */ = {isa = PBXFileReference; lastKnownFileType = text; path = AUTHORS; sourceTree = "<group>"; };
		EC70054E1AC1455B00FA5AC0 /* CONTRIBUTING.md */ = {isa = PBXFileReference; lastKnownFileType = net.daringfireball.markdown; path = CONTRIBUTING.md; sourceTree = "<group>"; };
		ECDC3B9A1ACFC4FF006091D3 /* INTRODUCTION.md */ = {isa = PBXFileReference; lastKnownFileType = net.daringfireball.markdown; path = INTRODUCTION.md; sourceTree = "<group>"; };
/* End PBXFileReference section */

/* Begin PBXGroup section */
		EC7005411AC0D90500FA5AC0 = {
			isa = PBXGroup;
			children = (
				EC5BC88E1AD0FFCD005D0BDB /* SQL Interface.md */,
				EC5BC88D1AD0FE1D005D0BDB /* Data IO.md */,
				EC5BC88C1AD0FDDB005D0BDB /* Model API.md */,
				EC5BC88B1AD0FDC4005D0BDB /* Model Object.md */,
				EC5BC88A1AD0F926005D0BDB /* More Scenarios.md */,
				EC5BC8891AD0F915005D0BDB /* Quickstart - Blog.md */,
				ECDC3B9A1ACFC4FF006091D3 /* INTRODUCTION.md */,
				EC70054E1AC1455B00FA5AC0 /* CONTRIBUTING.md */,
				EC70054D1AC1451C00FA5AC0 /* AUTHORS */,
				EC70054B1AC0E8C800FA5AC0 /* README.md */,
			);
			sourceTree = "<group>";
		};
/* End PBXGroup section */

/* Begin PBXProject section */
		EC7005421AC0D90500FA5AC0 /* Project object */ = {
			isa = PBXProject;
			attributes = {
				LastUpgradeCheck = 0620;
			};
			buildConfigurationList = EC7005451AC0D90500FA5AC0 /* Build configuration list for PBXProject "HTML6" */;
			compatibilityVersion = "Xcode 3.2";
			developmentRegion = English;
			hasScannedForEncodings = 0;
			knownRegions = (
				en,
			);
			mainGroup = EC7005411AC0D90500FA5AC0;
			projectDirPath = "";
			projectRoot = "";
			targets = (
			);
		};
/* End PBXProject section */

/* Begin XCBuildConfiguration section */
		EC7005461AC0D90500FA5AC0 /* Debug */ = {
			isa = XCBuildConfiguration;
			buildSettings = {
			};
			name = Debug;
		};
		EC7005471AC0D90500FA5AC0 /* Release */ = {
			isa = XCBuildConfiguration;
			buildSettings = {
			};
			name = Release;
		};
/* End XCBuildConfiguration section */

/* Begin XCConfigurationList section */
		EC7005451AC0D90500FA5AC0 /* Build configuration list for PBXProject "HTML6" */ = {
			isa = XCConfigurationList;
			buildConfigurations = (
				EC7005461AC0D90500FA5AC0 /* Debug */,
				EC7005471AC0D90500FA5AC0 /* Release */,
			);
			defaultConfigurationIsVisible = 0;
			defaultConfigurationName = Release;
		};
/* End XCConfigurationList section */
	};
	rootObject = EC7005421AC0D90500FA5AC0 /* Project object */;
}
